
Microsoft Visual Studio Solution File, Format Version 12.00
# Visual Studio Version 17
VisualStudioVersion = 17.8.34316.72
MinimumVisualStudioVersion = 10.0.40219.1
Project("{9A19103F-16F7-4668-BE54-9A1E7A4F7556}") = "ConsoleApp", "ConsoleApp\ConsoleApp.csproj", "{F6B7BAB9-D556-43CE-98D3-6E58C8AA5DEF}"
EndProject
Project("{9A19103F-16F7-4668-BE54-9A1E7A4F7556}") = "ConsoleApp.Tests", "ConsoleApp.Tests\ConsoleApp.Tests.csproj", "{F7FBAE9C-7B05-443A-817A-84EA8CD3AB26}"
EndProject
Project("{FAE04EC0-301F-11D3-BF4B-00C04F79EFBC}") = "Shared", "Shared\Shared.csproj", "{1B22B50E-FBC3-407F-B36D-BC92DA523146}"
EndProject
Global
	GlobalSection(SolutionConfigurationPlatforms) = preSolution
		Debug|Any CPU = Debug|Any CPU
		Release|Any CPU = Release|Any CPU
	EndGlobalSection
	GlobalSection(ProjectConfigurationPlatforms) = postSolution
		{F6B7BAB9-D556-43CE-98D3-6E58C8AA5DEF}.Debug|Any CPU.ActiveCfg = Debug|Any CPU
		{F6B7BAB9-D556-43CE-98D3-6E58C8AA5DEF}.Debug|Any CPU.Build.0 = Debug|Any CPU
		{F6B7BAB9-D556-43CE-98D3-6E58C8AA5DEF}.Release|Any CPU.ActiveCfg = Release|Any CPU
		{F6B7BAB9-D556-43CE-98D3-6E58C8AA5DEF}.Release|Any CPU.Build.0 = Release|Any CPU
		{F7FBAE9C-7B05-443A-817A-84EA8CD3AB26}.Debug|Any CPU.ActiveCfg = Debug|Any CPU
		{F7FBAE9C-7B05-443A-817A-84EA8CD3AB26}.Debug|Any CPU.Build.0 = Debug|Any CPU
		{F7FBAE9C-7B05-443A-817A-84EA8CD3AB26}.Release|Any CPU.ActiveCfg = Release|Any CPU
		{F7FBAE9C-7B05-443A-817A-84EA8CD3AB26}.Release|Any CPU.Build.0 = Release|Any CPU
		{1B22B50E-FBC3-407F-B36D-BC92DA523146}.Debug|Any CPU.ActiveCfg = Debug|Any CPU
		{1B22B50E-FBC3-407F-B36D-BC92DA523146}.Debug|Any CPU.Build.0 = Debug|Any CPU
		{1B22B50E-FBC3-407F-B36D-BC92DA523146}.Release|Any CPU.ActiveCfg = Release|Any CPU
		{1B22B50E-FBC3-407F-B36D-BC92DA523146}.Release|Any CPU.Build.0 = Release|Any CPU
	EndGlobalSection
	GlobalSection(SolutionProperties) = preSolution
		HideSolutionNode = FALSE
	EndGlobalSection
	GlobalSection(ExtensibilityGlobals) = postSolution
		SolutionGuid = {B7E457A0-B52D-4BC4-B56E-CE5CCFD5141F}
	EndGlobalSection
EndGlobal
